dependencies:
  esp32_p4_wifi6_touch_lcd_4b:
    dependencies: []
    source:
      path: /home/ubuntu/.openclaw/workspace/seedsigner-lvgl/embedded/esp32p4/components/esp32_p4_wifi6_touch_lcd_4b
      type: local
    version: 1.0.1
  esp_codec_dev:
    dependencies: []
    source:
      path: /home/ubuntu/.openclaw/workspace/seedsigner-lvgl/embedded/esp32p4/components/esp_codec_dev
      type: local
    version: 1.2.0
  esp_lcd_st7703:
    dependencies: []
    source:
      path: /home/ubuntu/.openclaw/workspace/seedsigner-lvgl/embedded/esp32p4/components/esp_lcd_st7703
      type: local
    version: 1.0.5
  espressif/cmake_utilities:
    component_hash: 351350613ceafba240b761b4ea991e0f231ac7a9f59a9ee901f751bddc0bb18f
    dependencies:
    - name: idf
      require: private
      version: '>=4.1'
    source:
      registry_url: https://components.espressif.com/
      type: service
    version: 0.5.3
  espressif/esp_lcd_touch:
    component_hash: 3f85a7d95af876f1a6ecca8eb90a81614890d0f03a038390804e5a77e2caf862
    dependencies:
    - name: idf
      require: private
      version: '>=4.4.2'
    source:
      registry_url: https://components.espressif.com
      type: service
    version: 1.2.1
  espressif/esp_lcd_touch_gt911:
    component_hash: 6029febef66eefd0910d527d7f30292779ccbf22a8dedd2bd69466acf0068a7b
    dependencies:
    - name: espressif/esp_lcd_touch
      registry_url: https://components.espressif.com
      require: public
      version: ^1.2.0
    - name: idf
      require: private
      version: '>=5.2'
    source:
      registry_url: https://components.espressif.com/
      type: service
    version: 1.2.0~2
  espressif/esp_lvgl_port:
    component_hash: b6360960f47b6776462e7092861b3ea66477ffb762a01baa0aecbb3d74cd50f4
    dependencies:
    - name: idf
      require: private
      version: '>=5.1'
    - name: lvgl/lvgl
      registry_url: https://components.espressif.com
      require: public
      version: '>=8,<10'
    source:
      registry_url: https://components.espressif.com/
      type: service
    version: 2.7.2
  espressif/usb:
    component_hash: 4f00ced5663505a368bafcb9bb6b2e4a5033cc5625b8f510755a75baadf4ff1d
    dependencies:
    - name: idf
      require: private
      version: '>=5.4'
    source:
      registry_url: https://components.espressif.com/
      type: service
    targets:
    - esp32s2
    - esp32s3
    - esp32s31
    - esp32p4
    - esp32h4
    - linux
    version: 1.4.0
  idf:
    source:
      type: idf
    version: 5.4.4
  lvgl/lvgl:
    component_hash: 184e532558c1c45fefed631f3e235423d22582aafb4630f3e8885c35281a49ae
    dependencies: []
    source:
      registry_url: https://components.espressif.com/
      type: service
    version: 9.5.0
direct_dependencies:
- espressif/cmake_utilities
- espressif/esp_codec_dev
- espressif/esp_lcd_touch_gt911
- espressif/esp_lvgl_port
- espressif/usb
- idf
- lvgl/lvgl
- waveshare/esp32_p4_wifi6_touch_lcd_4b
- waveshare/esp_lcd_st7703
manifest_hash: 6fdd3a23214d2fdf23c117e0e78744b587a772135c0c5426442383242719e7c3
target: esp32p4
version: 2.0.0
